
Microsoft Visual Studio Solution File, Format Version 12.00
# Visual Studio Version 17
VisualStudioVersion = 17.5.33530.505
MinimumVisualStudioVersion = 10.0.40219.1
Project("{9A19103F-16F7-4668-BE54-9A1E7A4F7556}") = "Microsoft.Cosmo.CRUD.Helper", "Microsoft.Cosmo.Crud\Microsoft.Cosmo.CRUD.Helper.csproj", "{2E5131AE-6251-4FF2-B4ED-9A81FCD63F6E}"
EndProject
Project("{9A19103F-16F7-4668-BE54-9A1E7A4F7556}") = "Cosmos_console", "Cosmos_console\Cosmos_console.csproj", "{40CDF218-2091-439F-983A-3BD6B5603B47}"
EndProject
Global
	GlobalSection(SolutionConfigurationPlatforms) = preSolution
		Debug|Any CPU = Debug|Any CPU
		Release|Any CPU = Release|Any CPU
	EndGlobalSection
	GlobalSection(ProjectConfigurationPlatforms) = postSolution
		{2E5131AE-6251-4FF2-B4ED-9A81FCD63F6E}.Debug|Any CPU.ActiveCfg = Debug|Any CPU
		{2E5131AE-6251-4FF2-B4ED-9A81FCD63F6E}.Debug|Any CPU.Build.0 = Debug|Any CPU
		{2E5131AE-6251-4FF2-B4ED-9A81FCD63F6E}.Release|Any CPU.ActiveCfg = Release|Any CPU
		{2E5131AE-6251-4FF2-B4ED-9A81FCD63F6E}.Release|Any CPU.Build.0 = Release|Any CPU
		{40CDF218-2091-439F-983A-3BD6B5603B47}.Debug|Any CPU.ActiveCfg = Debug|Any CPU
		{40CDF218-2091-439F-983A-3BD6B5603B47}.Debug|Any CPU.Build.0 = Debug|Any CPU
		{40CDF218-2091-439F-983A-3BD6B5603B47}.Release|Any CPU.ActiveCfg = Release|Any CPU
		{40CDF218-2091-439F-983A-3BD6B5603B47}.Release|Any CPU.Build.0 = Release|Any CPU
	EndGlobalSection
	GlobalSection(SolutionProperties) = preSolution
		HideSolutionNode = FALSE
	EndGlobalSection
	GlobalSection(ExtensibilityGlobals) = postSolution
		SolutionGuid = {BB59D050-CE6E-4840-82C0-F5377AD30C98}
	EndGlobalSection
EndGlobal
